{
  "name": "i3-egorcod-configs",
  "version": "1.0.0",
  "lockfileVersion": 1,
  "requires": true,
  "dependencies": {
    "ansi-escapes": {
      "version": "1.4.0",
      "resolved": "https://registry.npmjs.org/ansi-escapes/-/ansi-escapes-1.4.0.tgz",
      "integrity": "sha1-06ioOzGapneTZisT52HHkRQiMG4="
    },
    "ansi-regex": {
      "version": "2.1.1",
      "resolved": "https://registry.npmjs.org/ansi-regex/-/ansi-regex-2.1.1.tgz",
      "integrity": "sha1-w7M6te42DYbg5ijwRorn7yfWVN8="
    },
    "cli-cursor": {
      "version": "2.1.0",
      "resolved": "https://registry.npmjs.org/cli-cursor/-/cli-cursor-2.1.0.tgz",
      "integrity": "sha1-s12sN2R5+sw+lHR9QdDQ9SOP/LU=",
      "requires": {
        "restore-cursor": "2.0.0"
      }
    },
    "cmus-remote-node": {
      "version": "https://registry.npmjs.org/cmus-remote-node/-/cmus-remote-node-0.1.0.tgz",
      "integrity": "sha1-T4Dfs2MntAmdpibylQAavjedHu0="
    },
    "code-point-at": {
      "version": "1.1.0",
      "resolved": "https://registry.npmjs.org/code-point-at/-/code-point-at-1.1.0.tgz",
      "integrity": "sha1-DQcLTQQ6W+ozovGkDi7bPZpMz3c="
    },
    "decompress-response": {
      "version": "https://registry.npmjs.org/decompress-response/-/decompress-response-3.3.0.tgz",
      "integrity": "sha1-gKTdMjdIOEv6JICDYirt7Jgq3/M=",
      "requires": {
        "mimic-response": "https://registry.npmjs.org/mimic-response/-/mimic-response-1.0.0.tgz"
      }
    },
    "duplexer3": {
      "version": "https://registry.npmjs.org/duplexer3/-/duplexer3-0.1.4.tgz",
      "integrity": "sha1-7gHdHKwO08vH/b6jfcCo8c4ALOI="
    },
    "fastqueue": {
      "version": "https://registry.npmjs.org/fastqueue/-/fastqueue-0.1.0.tgz",
      "integrity": "sha1-bGkQFrOAYYZHbusFpxe6u49jPBk="
    },
    "get-stream": {
      "version": "https://registry.npmjs.org/get-stream/-/get-stream-3.0.0.tgz",
      "integrity": "sha1-jpQ9E1jcN1VQVOy+LtsFqhdO3hQ="
    },
    "got": {
      "version": "https://registry.npmjs.org/got/-/got-7.0.0.tgz",
      "integrity": "sha1-gtQ59nY82xyIIbejquJ4TIjDuNM=",
      "requires": {
        "decompress-response": "https://registry.npmjs.org/decompress-response/-/decompress-response-3.3.0.tgz",
        "duplexer3": "https://registry.npmjs.org/duplexer3/-/duplexer3-0.1.4.tgz",
        "get-stream": "https://registry.npmjs.org/get-stream/-/get-stream-3.0.0.tgz",
        "is-plain-obj": "https://registry.npmjs.org/is-plain-obj/-/is-plain-obj-1.1.0.tgz",
        "is-retry-allowed": "https://registry.npmjs.org/is-retry-allowed/-/is-retry-allowed-1.1.0.tgz",
        "is-stream": "https://registry.npmjs.org/is-stream/-/is-stream-1.1.0.tgz",
        "isurl": "https://registry.npmjs.org/isurl/-/isurl-1.0.0-alpha5.tgz",
        "lowercase-keys": "https://registry.npmjs.org/lowercase-keys/-/lowercase-keys-1.0.0.tgz",
        "p-cancelable": "https://registry.npmjs.org/p-cancelable/-/p-cancelable-0.2.0.tgz",
        "p-timeout": "https://registry.npmjs.org/p-timeout/-/p-timeout-1.1.1.tgz",
        "safe-buffer": "https://registry.npmjs.org/safe-buffer/-/safe-buffer-5.1.0.tgz",
        "timed-out": "https://registry.npmjs.org/timed-out/-/timed-out-4.0.1.tgz",
        "url-parse-lax": "https://registry.npmjs.org/url-parse-lax/-/url-parse-lax-1.0.0.tgz"
      }
    },
    "i3": {
      "version": "https://registry.npmjs.org/i3/-/i3-0.2.1.tgz",
      "integrity": "sha1-rChYC9mfvCd5UZeHMIAfnV5+X+Q=",
      "requires": {
        "fastqueue": "https://registry.npmjs.org/fastqueue/-/fastqueue-0.1.0.tgz"
      }
    },
    "is-fullwidth-code-point": {
      "version": "1.0.0",
      "resolved": "https://registry.npmjs.org/is-fullwidth-code-point/-/is-fullwidth-code-point-1.0.0.tgz",
      "integrity": "sha1-754xOG8DGn8NZDr4L95QxFfvAMs=",
      "requires": {
        "number-is-nan": "1.0.1"
      }
    },
    "is-object": {
      "version": "https://registry.npmjs.org/is-object/-/is-object-1.0.1.tgz",
      "integrity": "sha1-iVJojF7C/9awPsyF52ngKQMINHA="
    },
    "is-plain-obj": {
      "version": "https://registry.npmjs.org/is-plain-obj/-/is-plain-obj-1.1.0.tgz",
      "integrity": "sha1-caUMhCnfync8kqOQpKA7OfzVHT4="
    },
    "is-retry-allowed": {
      "version": "https://registry.npmjs.org/is-retry-allowed/-/is-retry-allowed-1.1.0.tgz",
      "integrity": "sha1-EaBgVotnM5REAz0BJaYaINVk+zQ="
    },
    "is-stream": {
      "version": "https://registry.npmjs.org/is-stream/-/is-stream-1.1.0.tgz",
      "integrity": "sha1-EtSj3U5o4Lec6428hBc66A2RykQ="
    },
    "isurl": {
      "version": "https://registry.npmjs.org/isurl/-/isurl-1.0.0-alpha5.tgz",
      "integrity": "sha1-d/oSL/8fMb4ntvFXZh+IWCuhzTY=",
      "requires": {
        "is-object": "https://registry.npmjs.org/is-object/-/is-object-1.0.1.tgz"
      }
    },
    "log-update": {
      "version": "2.0.0",
      "resolved": "https://registry.npmjs.org/log-update/-/log-update-2.0.0.tgz",
      "integrity": "sha1-f0NU174b5ityT8uzxLlEVMDbXiY=",
      "requires": {
        "ansi-escapes": "1.4.0",
        "cli-cursor": "2.1.0",
        "wrap-ansi": "2.1.0"
      }
    },
    "lowercase-keys": {
      "version": "https://registry.npmjs.org/lowercase-keys/-/lowercase-keys-1.0.0.tgz",
      "integrity": "sha1-TjNms55/VFfjXxMkvfb4jQv8cwY="
    },
    "mimic-fn": {
      "version": "1.1.0",
      "resolved": "https://registry.npmjs.org/mimic-fn/-/mimic-fn-1.1.0.tgz",
      "integrity": "sha1-5md4PZLonb00KBi1IwudYqZyrRg="
    },
    "mimic-response": {
      "version": "https://registry.npmjs.org/mimic-response/-/mimic-response-1.0.0.tgz",
      "integrity": "sha1-3z02Uqc/3ta5sLJBRub9BSNTRY4="
    },
    "mpd": {
      "version": "1.3.0",
      "resolved": "https://registry.npmjs.org/mpd/-/mpd-1.3.0.tgz",
      "integrity": "sha1-qaDgKPaAjlWU92+p8MV0rYbwwN0="
    },
    "mpdclient.js": {
      "version": "https://registry.npmjs.org/mpdclient.js/-/mpdclient.js-0.0.16.tgz",
      "integrity": "sha1-/HivkOoB8HuK4+r9sb/r8g0GjD0="
    },
    "number-is-nan": {
      "version": "1.0.1",
      "resolved": "https://registry.npmjs.org/number-is-nan/-/number-is-nan-1.0.1.tgz",
      "integrity": "sha1-CXtgK1NCKlIsGvuHkDGDNpQaAR0="
    },
    "onetime": {
      "version": "2.0.1",
      "resolved": "https://registry.npmjs.org/onetime/-/onetime-2.0.1.tgz",
      "integrity": "sha1-BnQoIw/WdEOyeUsiu6UotoZ5YtQ=",
      "requires": {
        "mimic-fn": "1.1.0"
      }
    },
    "os-homedir": {
      "version": "https://registry.npmjs.org/os-homedir/-/os-homedir-1.0.2.tgz",
      "integrity": "sha1-/7xJiDNuDoM94MFox+8VISGqf7M="
    },
    "p-cancelable": {
      "version": "https://registry.npmjs.org/p-cancelable/-/p-cancelable-0.2.0.tgz",
      "integrity": "sha1-MVL08wvnYGtg6/6LuTs/32kIXkY="
    },
    "p-timeout": {
      "version": "https://registry.npmjs.org/p-timeout/-/p-timeout-1.1.1.tgz",
      "integrity": "sha1-0o6f35bjKIhvv/B4+IatFYxTv20="
    },
    "prepend-http": {
      "version": "https://registry.npmjs.org/prepend-http/-/prepend-http-1.0.4.tgz",
      "integrity": "sha1-1PRWKwzjaW5BrFLQ4ALlemNdxtw="
    },
    "restore-cursor": {
      "version": "2.0.0",
      "resolved": "https://registry.npmjs.org/restore-cursor/-/restore-cursor-2.0.0.tgz",
      "integrity": "sha1-n37ih/gv0ybU/RYpI9YhKe7g368=",
      "requires": {
        "onetime": "2.0.1",
        "signal-exit": "3.0.2"
      }
    },
    "safe-buffer": {
      "version": "https://registry.npmjs.org/safe-buffer/-/safe-buffer-5.1.0.tgz",
      "integrity": "sha1-/kyEYDl/nqqqWOc75GJzQIpF4iM="
    },
    "signal-exit": {
      "version": "3.0.2",
      "resolved": "https://registry.npmjs.org/signal-exit/-/signal-exit-3.0.2.tgz",
      "integrity": "sha1-tf3AjxKH6hF4Yo5BXiUTK3NkbG0="
    },
    "string-width": {
      "version": "1.0.2",
      "resolved": "https://registry.npmjs.org/string-width/-/string-width-1.0.2.tgz",
      "integrity": "sha1-EYvfW4zcUaKn5w0hHgfisLmxB9M=",
      "requires": {
        "code-point-at": "1.1.0",
        "is-fullwidth-code-point": "1.0.0",
        "strip-ansi": "3.0.1"
      }
    },
    "strip-ansi": {
      "version": "3.0.1",
      "resolved": "https://registry.npmjs.org/strip-ansi/-/strip-ansi-3.0.1.tgz",
      "integrity": "sha1-ajhfuIU9lS1f8F0Oiq+UJ43GPc8=",
      "requires": {
        "ansi-regex": "2.1.1"
      }
    },
    "timed-out": {
      "version": "https://registry.npmjs.org/timed-out/-/timed-out-4.0.1.tgz",
      "integrity": "sha1-8y6srFoXW+ol1/q1Zas+2HQe9W8="
    },
    "url-parse-lax": {
      "version": "https://registry.npmjs.org/url-parse-lax/-/url-parse-lax-1.0.0.tgz",
      "integrity": "sha1-evjzA2Rem9eaJy56FKxovAYJ2nM=",
      "requires": {
        "prepend-http": "https://registry.npmjs.org/prepend-http/-/prepend-http-1.0.4.tgz"
      }
    },
    "user-home": {
      "version": "https://registry.npmjs.org/user-home/-/user-home-2.0.0.tgz",
      "integrity": "sha1-nHC/2Babwdy/SGBODwS4tJzenp8=",
      "requires": {
        "os-homedir": "https://registry.npmjs.org/os-homedir/-/os-homedir-1.0.2.tgz"
      }
    },
    "wrap-ansi": {
      "version": "2.1.0",
      "resolved": "https://registry.npmjs.org/wrap-ansi/-/wrap-ansi-2.1.0.tgz",
      "integrity": "sha1-2Pw9KE3QV5T+hJc8rs3Rz4JP3YU=",
      "requires": {
        "string-width": "1.0.2",
        "strip-ansi": "3.0.1"
      }
    }
  }
}
